{
  "name": "@astral-atlas/contour",
  "version": "1.0.0",
  "lockfileVersion": 1,
  "requires": true,
  "dependencies": {
    "@lukekaalim/model": {
      "version": "2.0.0",
      "resolved": "https://registry.npmjs.org/@lukekaalim/model/-/model-2.0.0.tgz",
      "integrity": "sha512-0JOut1WdPi5q7xK/xA+zoK0xO0xAwmc5e9xRse85NiRAKXDmSVj48mvh08D0cJLyVjPZHM+fgYCgtVOSMAbg6Q==",
      "requires": {
        "@lukekaalim/result": "^1.1.1"
      }
    },
    "@lukekaalim/result": {
      "version": "1.1.1",
      "resolved": "https://registry.npmjs.org/@lukekaalim/result/-/result-1.1.1.tgz",
      "integrity": "sha512-+s5pierClu4IwZta8qGwCUIrcbjff40UdkSZs515aXBO+U0xf6QV+bAhS7iJzKdXXUb10OgxTgaXACb6mOwfMg=="
    },
    "@lukekaalim/test": {
      "version": "5.0.0",
      "resolved": "https://registry.npmjs.org/@lukekaalim/test/-/test-5.0.0.tgz",
      "integrity": "sha512-MGWpQ8W6meu3EMXmz/in96jqYhk7QkcrBfZk7kiW5FpPhK/2874M4KCaAPMbvH83y84KI2QQXANk7qJ9tTf3ig==",
      "dev": true,
      "requires": {
        "tiny-ansi-colors": "0.0.4"
      }
    },
    "@types/estree": {
      "version": "0.0.39",
      "resolved": "https://registry.npmjs.org/@types/estree/-/estree-0.0.39.tgz",
      "integrity": "sha512-EYNwp3bU+98cpU4lAWYYL7Zz+2gryWH1qbdDTidVd6hkiR6weksdbMadyXKXNPEkQFhXM+hVO9ZygomHXp+AIw==",
      "dev": true
    },
    "@types/node": {
      "version": "12.7.5",
      "resolved": "https://registry.npmjs.org/@types/node/-/node-12.7.5.tgz",
      "integrity": "sha512-9fq4jZVhPNW8r+UYKnxF1e2HkDWOWKM5bC2/7c9wPV835I0aOrVbS/Hw/pWPk2uKrNXQqg9Z959Kz+IYDd5p3w==",
      "dev": true
    },
    "acorn": {
      "version": "7.0.0",
      "resolved": "https://registry.npmjs.org/acorn/-/acorn-7.0.0.tgz",
      "integrity": "sha512-PaF/MduxijYYt7unVGRuds1vBC9bFxbNf+VWqhOClfdgy7RlVkQqt610ig1/yxTgsDIfW1cWDel5EBbOy3jdtQ==",
      "dev": true
    },
    "esm": {
      "version": "3.2.25",
      "resolved": "https://registry.npmjs.org/esm/-/esm-3.2.25.tgz",
      "integrity": "sha512-U1suiZ2oDVWv4zPO56S0NcR5QriEahGtdN2OR6FiOG4WJvcjBVFB0qI4+eKoWFH483PKGuLuu6V8Z4T5g63UVA==",
      "dev": true
    },
    "rollup": {
      "version": "1.21.4",
      "resolved": "https://registry.npmjs.org/rollup/-/rollup-1.21.4.tgz",
      "integrity": "sha512-Pl512XVCmVzgcBz5h/3Li4oTaoDcmpuFZ+kdhS/wLreALz//WuDAMfomD3QEYl84NkDu6Z6wV9twlcREb4qQsw==",
      "dev": true,
      "requires": {
        "@types/estree": "0.0.39",
        "@types/node": "^12.7.5",
        "acorn": "^7.0.0"
      }
    },
    "rollup-plugin-flow-entry": {
      "version": "0.3.1",
      "resolved": "https://registry.npmjs.org/rollup-plugin-flow-entry/-/rollup-plugin-flow-entry-0.3.1.tgz",
      "integrity": "sha512-CCih1+GDYWm5axQEwmZrMCz0ez7rBgT8QLcnLw0sn2N+MBchRBCTSfNDvtCbOCQGZoxi1jbgaddsYqSMMAuMqA==",
      "dev": true
    },
    "tiny-ansi-colors": {
      "version": "0.0.4",
      "resolved": "https://registry.npmjs.org/tiny-ansi-colors/-/tiny-ansi-colors-0.0.4.tgz",
      "integrity": "sha512-utpCcSRO2SOZ0Z82PLlaADCgxRl/vNg7i0RhiazZG2MIEtRGkJJV710Qs3nAZLYJUVWwDNykG+JEpLOHR3j7/A==",
      "dev": true
    }
  }
}
